
Microsoft Visual Studio Solution File, Format Version 12.00
# Visual Studio Version 17
VisualStudioVersion = 17.0.31903.59
MinimumVisualStudioVersion = 10.0.40219.1
Project("{FAE04EC0-301F-11D3-BF4B-00C04F79EFBC}") = "API", "API\API.csproj", "{23B9EFEA-ACBA-433B-910D-7C0CC2ABADE9}"
EndProject
Project("{FAE04EC0-301F-11D3-BF4B-00C04F79EFBC}") = "Application", "Application\Application.csproj", "{FFF7483C-5FE3-4148-95D9-1C72D462FE45}"
EndProject
Project("{FAE04EC0-301F-11D3-BF4B-00C04F79EFBC}") = "Persistance", "Persistance\Persistance.csproj", "{FDFF81D1-2F14-488F-9661-B48BC96C3897}"
EndProject
Project("{FAE04EC0-301F-11D3-BF4B-00C04F79EFBC}") = "Domain", "Domain\Domain.csproj", "{5F4C5954-793A-4D23-9CF8-822FFB8795AA}"
EndProject
Global
	GlobalSection(SolutionConfigurationPlatforms) = preSolution
		Debug|Any CPU = Debug|Any CPU
		Debug|x64 = Debug|x64
		Debug|x86 = Debug|x86
		Release|Any CPU = Release|Any CPU
		Release|x64 = Release|x64
		Release|x86 = Release|x86
	EndGlobalSection
	GlobalSection(ProjectConfigurationPlatforms) = postSolution
		{23B9EFEA-ACBA-433B-910D-7C0CC2ABADE9}.Debug|Any CPU.ActiveCfg = Debug|Any CPU
		{23B9EFEA-ACBA-433B-910D-7C0CC2ABADE9}.Debug|Any CPU.Build.0 = Debug|Any CPU
		{23B9EFEA-ACBA-433B-910D-7C0CC2ABADE9}.Debug|x64.ActiveCfg = Debug|Any CPU
		{23B9EFEA-ACBA-433B-910D-7C0CC2ABADE9}.Debug|x64.Build.0 = Debug|Any CPU
		{23B9EFEA-ACBA-433B-910D-7C0CC2ABADE9}.Debug|x86.ActiveCfg = Debug|Any CPU
		{23B9EFEA-ACBA-433B-910D-7C0CC2ABADE9}.Debug|x86.Build.0 = Debug|Any CPU
		{23B9EFEA-ACBA-433B-910D-7C0CC2ABADE9}.Release|Any CPU.ActiveCfg = Release|Any CPU
		{23B9EFEA-ACBA-433B-910D-7C0CC2ABADE9}.Release|Any CPU.Build.0 = Release|Any CPU
		{23B9EFEA-ACBA-433B-910D-7C0CC2ABADE9}.Release|x64.ActiveCfg = Release|Any CPU
		{23B9EFEA-ACBA-433B-910D-7C0CC2ABADE9}.Release|x64.Build.0 = Release|Any CPU
		{23B9EFEA-ACBA-433B-910D-7C0CC2ABADE9}.Release|x86.ActiveCfg = Release|Any CPU
		{23B9EFEA-ACBA-433B-910D-7C0CC2ABADE9}.Release|x86.Build.0 = Release|Any CPU
		{FFF7483C-5FE3-4148-95D9-1C72D462FE45}.Debug|Any CPU.ActiveCfg = Debug|Any CPU
		{FFF7483C-5FE3-4148-95D9-1C72D462FE45}.Debug|Any CPU.Build.0 = Debug|Any CPU
		{FFF7483C-5FE3-4148-95D9-1C72D462FE45}.Debug|x64.ActiveCfg = Debug|Any CPU
		{FFF7483C-5FE3-4148-95D9-1C72D462FE45}.Debug|x64.Build.0 = Debug|Any CPU
		{FFF7483C-5FE3-4148-95D9-1C72D462FE45}.Debug|x86.ActiveCfg = Debug|Any CPU
		{FFF7483C-5FE3-4148-95D9-1C72D462FE45}.Debug|x86.Build.0 = Debug|Any CPU
		{FFF7483C-5FE3-4148-95D9-1C72D462FE45}.Release|Any CPU.ActiveCfg = Release|Any CPU
		{FFF7483C-5FE3-4148-95D9-1C72D462FE45}.Release|Any CPU.Build.0 = Release|Any CPU
		{FFF7483C-5FE3-4148-95D9-1C72D462FE45}.Release|x64.ActiveCfg = Release|Any CPU
		{FFF7483C-5FE3-4148-95D9-1C72D462FE45}.Release|x64.Build.0 = Release|Any CPU
		{FFF7483C-5FE3-4148-95D9-1C72D462FE45}.Release|x86.ActiveCfg = Release|Any CPU
		{FFF7483C-5FE3-4148-95D9-1C72D462FE45}.Release|x86.Build.0 = Release|Any CPU
		{FDFF81D1-2F14-488F-9661-B48BC96C3897}.Debug|Any CPU.ActiveCfg = Debug|Any CPU
		{FDFF81D1-2F14-488F-9661-B48BC96C3897}.Debug|Any CPU.Build.0 = Debug|Any CPU
		{FDFF81D1-2F14-488F-9661-B48BC96C3897}.Debug|x64.ActiveCfg = Debug|Any CPU
		{FDFF81D1-2F14-488F-9661-B48BC96C3897}.Debug|x64.Build.0 = Debug|Any CPU
		{FDFF81D1-2F14-488F-9661-B48BC96C3897}.Debug|x86.ActiveCfg = Debug|Any CPU
		{FDFF81D1-2F14-488F-9661-B48BC96C3897}.Debug|x86.Build.0 = Debug|Any CPU
		{FDFF81D1-2F14-488F-9661-B48BC96C3897}.Release|Any CPU.ActiveCfg = Release|Any CPU
		{FDFF81D1-2F14-488F-9661-B48BC96C3897}.Release|Any CPU.Build.0 = Release|Any CPU
		{FDFF81D1-2F14-488F-9661-B48BC96C3897}.Release|x64.ActiveCfg = Release|Any CPU
		{FDFF81D1-2F14-488F-9661-B48BC96C3897}.Release|x64.Build.0 = Release|Any CPU
		{FDFF81D1-2F14-488F-9661-B48BC96C3897}.Release|x86.ActiveCfg = Release|Any CPU
		{FDFF81D1-2F14-488F-9661-B48BC96C3897}.Release|x86.Build.0 = Release|Any CPU
		{5F4C5954-793A-4D23-9CF8-822FFB8795AA}.Debug|Any CPU.ActiveCfg = Debug|Any CPU
		{5F4C5954-793A-4D23-9CF8-822FFB8795AA}.Debug|Any CPU.Build.0 = Debug|Any CPU
		{5F4C5954-793A-4D23-9CF8-822FFB8795AA}.Debug|x64.ActiveCfg = Debug|Any CPU
		{5F4C5954-793A-4D23-9CF8-822FFB8795AA}.Debug|x64.Build.0 = Debug|Any CPU
		{5F4C5954-793A-4D23-9CF8-822FFB8795AA}.Debug|x86.ActiveCfg = Debug|Any CPU
		{5F4C5954-793A-4D23-9CF8-822FFB8795AA}.Debug|x86.Build.0 = Debug|Any CPU
		{5F4C5954-793A-4D23-9CF8-822FFB8795AA}.Release|Any CPU.ActiveCfg = Release|Any CPU
		{5F4C5954-793A-4D23-9CF8-822FFB8795AA}.Release|Any CPU.Build.0 = Release|Any CPU
		{5F4C5954-793A-4D23-9CF8-822FFB8795AA}.Release|x64.ActiveCfg = Release|Any CPU
		{5F4C5954-793A-4D23-9CF8-822FFB8795AA}.Release|x64.Build.0 = Release|Any CPU
		{5F4C5954-793A-4D23-9CF8-822FFB8795AA}.Release|x86.ActiveCfg = Release|Any CPU
		{5F4C5954-793A-4D23-9CF8-822FFB8795AA}.Release|x86.Build.0 = Release|Any CPU
	EndGlobalSection
	GlobalSection(SolutionProperties) = preSolution
		HideSolutionNode = FALSE
	EndGlobalSection
EndGlobal
